
Microsoft Visual Studio Solution File, Format Version 12.00
# Visual Studio 15
VisualStudioVersion = 15.0.28010.2036
MinimumVisualStudioVersion = 10.0.40219.1
Project("{FAE04EC0-301F-11D3-BF4B-00C04F79EFBC}") = "RadHareEngine_v1", "RadHareEngine_v1\RadHareEngine_v1.csproj", "{377AE845-71CC-4B55-AECA-A7C70FEA36E7}"
EndProject
Global
	GlobalSection(SolutionConfigurationPlatforms) = preSolution
		Debug|x86 = Debug|x86
		Release|x86 = Release|x86
	EndGlobalSection
	GlobalSection(ProjectConfigurationPlatforms) = postSolution
		{377AE845-71CC-4B55-AECA-A7C70FEA36E7}.Debug|x86.ActiveCfg = Debug|x86
		{377AE845-71CC-4B55-AECA-A7C70FEA36E7}.Debug|x86.Build.0 = Debug|x86
		{377AE845-71CC-4B55-AECA-A7C70FEA36E7}.Release|x86.ActiveCfg = Release|x86
		{377AE845-71CC-4B55-AECA-A7C70FEA36E7}.Release|x86.Build.0 = Release|x86
	EndGlobalSection
	GlobalSection(SolutionProperties) = preSolution
		HideSolutionNode = FALSE
	EndGlobalSection
	GlobalSection(ExtensibilityGlobals) = postSolution
		SolutionGuid = {5B9CD522-7E2B-4F0A-AD8F-3207ED55CB43}
	EndGlobalSection
EndGlobal
